<?xml version="1.0" encoding="utf-8"?>
<Project ToolsVersion="4.0" xmlns="http://schemas.microsoft.com/developer/msbuild/2003">
  <ItemGroup>
    <Filter Include="源文件">
      <UniqueIdentifier>{4FC737F1-C7A5-4376-A066-2A32D752A2FF}</UniqueIdentifier>
      <Extensions>cpp;c;cc;cxx;def;odl;idl;hpj;bat;asm;asmx</Extensions>
    </Filter>
    <Filter Include="头文件">
      <UniqueIdentifier>{93995380-89BD-4b04-88EB-625FBE52EBFB}</UniqueIdentifier>
      <Extensions>h;hpp;hxx;hm;inl;inc;xsd</Extensions>
    </Filter>
    <Filter Include="资源文件">
      <UniqueIdentifier>{67DA6AB6-F800-4c08-8B7A-83BB121AAD01}</UniqueIdentifier>
      <Extensions>rc;ico;cur;bmp;dlg;rc2;rct;bin;rgs;gif;jpg;jpeg;jpe;resx;tiff;tif;png;wav;mfcribbon-ms</Extensions>
    </Filter>
    <Filter Include="头文件\DuiLib">
      <UniqueIdentifier>{b121e364-f9ce-4604-a083-6bd856333f2f}</UniqueIdentifier>
    </Filter>
    <Filter Include="源文件\DuiLib">
      <UniqueIdentifier>{5e40f750-aa1e-426d-9fd7-9f38ff2f8c77}</UniqueIdentifier>
    </Filter>
  </ItemGroup>
  <ItemGroup>
    <None Include="ReadMe.txt" />
    <None Include="DuiPlugins.def">
      <Filter>源文件</Filter>
    </None>
  </ItemGroup>
  <ItemGroup>
    <ClInclude Include="stdafx.h">
      <Filter>头文件</Filter>
    </ClInclude>
    <ClInclude Include="targetver.h">
      <Filter>头文件</Filter>
    </ClInclude>
    <ClInclude Include="Include\DuiPlugins.h">
      <Filter>头文件</Filter>
    </ClInclude>
    <ClInclude Include="DuiLib\UISciEdit.h">
      <Filter>头文件\DuiLib</Filter>
    </ClInclude>
    <ClInclude Include="DuiLib\UIKeyBoard.h">
      <Filter>头文件\DuiLib</Filter>
    </ClInclude>
    <ClInclude Include="DuiLib\UIKeyBoardNumber.h">
      <Filter>头文件\DuiLib</Filter>
    </ClInclude>
    <ClInclude Include="DuiLib\UIKeyBoardSimple.h">
      <Filter>头文件\DuiLib</Filter>
    </ClInclude>
    <ClInclude Include="DuiLib\UIGridCtrl.h">
      <Filter>头文件\DuiLib</Filter>
    </ClInclude>
    <ClInclude Include="MFCGridCtrl\CellRange.h">
      <Filter>头文件</Filter>
    </ClInclude>
    <ClInclude Include="MFCGridCtrl\GridCell.h">
      <Filter>头文件</Filter>
    </ClInclude>
    <ClInclude Include="MFCGridCtrl\GridCellBase.h">
      <Filter>头文件</Filter>
    </ClInclude>
    <ClInclude Include="MFCGridCtrl\GridCtrl.h">
      <Filter>头文件</Filter>
    </ClInclude>
    <ClInclude Include="MFCGridCtrl\GridDropTarget.h">
      <Filter>头文件</Filter>
    </ClInclude>
    <ClInclude Include="MFCGridCtrl\GridMemDC.h">
      <Filter>头文件</Filter>
    </ClInclude>
    <ClInclude Include="MFCGridCtrl\InPlaceEdit.h">
      <Filter>头文件</Filter>
    </ClInclude>
    <ClInclude Include="MFCGridCtrl\TitleTip.h">
      <Filter>头文件</Filter>
    </ClInclude>
    <ClInclude Include="MFCGridCtrl\CellType\GridCellCheck.h">
      <Filter>头文件</Filter>
    </ClInclude>
    <ClInclude Include="MFCGridCtrl\CellType\GridCellCombo.h">
      <Filter>头文件</Filter>
    </ClInclude>
    <ClInclude Include="MFCGridCtrl\CellType\GridCellDateTime.h">
      <Filter>头文件</Filter>
    </ClInclude>
    <ClInclude Include="MFCGridCtrl\CellType\GridCellNumeric.h">
      <Filter>头文件</Filter>
    </ClInclude>
    <ClInclude Include="MFCGridCtrl\CellType\GridURLCell.h">
      <Filter>头文件</Filter>
    </ClInclude>
  </ItemGroup>
  <ItemGroup>
    <ClCompile Include="stdafx.cpp">
      <Filter>源文件</Filter>
    </ClCompile>
    <ClCompile Include="DuiPlugins.cpp">
      <Filter>源文件</Filter>
    </ClCompile>
    <ClCompile Include="dllmain.cpp">
      <Filter>源文件</Filter>
    </ClCompile>
    <ClCompile Include="DuiLib\UISciEdit.cpp">
      <Filter>源文件\DuiLib</Filter>
    </ClCompile>
    <ClCompile Include="DuiLib\UIKeyBoard.cpp">
      <Filter>源文件\DuiLib</Filter>
    </ClCompile>
    <ClCompile Include="DuiLib\UIKeyBoardNumber.cpp">
      <Filter>源文件\DuiLib</Filter>
    </ClCompile>
    <ClCompile Include="DuiLib\UIKeyBoardSimple.cpp">
      <Filter>源文件\DuiLib</Filter>
    </ClCompile>
    <ClCompile Include="DuiLib\UIGridCtrl.cpp">
      <Filter>源文件\DuiLib</Filter>
    </ClCompile>
    <ClCompile Include="MFCGridCtrl\GridCell.cpp">
      <Filter>源文件</Filter>
    </ClCompile>
    <ClCompile Include="MFCGridCtrl\GridCellBase.cpp">
      <Filter>源文件</Filter>
    </ClCompile>
    <ClCompile Include="MFCGridCtrl\GridCtrl.cpp">
      <Filter>源文件</Filter>
    </ClCompile>
    <ClCompile Include="MFCGridCtrl\GridDropTarget.cpp">
      <Filter>源文件</Filter>
    </ClCompile>
    <ClCompile Include="MFCGridCtrl\InPlaceEdit.cpp">
      <Filter>源文件</Filter>
    </ClCompile>
    <ClCompile Include="MFCGridCtrl\TitleTip.cpp">
      <Filter>源文件</Filter>
    </ClCompile>
    <ClCompile Include="MFCGridCtrl\CellType\GridCellCheck.cpp">
      <Filter>源文件</Filter>
    </ClCompile>
    <ClCompile Include="MFCGridCtrl\CellType\GridCellCombo.cpp">
      <Filter>源文件</Filter>
    </ClCompile>
    <ClCompile Include="MFCGridCtrl\CellType\GridCellDateTime.cpp">
      <Filter>源文件</Filter>
    </ClCompile>
    <ClCompile Include="MFCGridCtrl\CellType\GridCellNumeric.cpp">
      <Filter>源文件</Filter>
    </ClCompile>
    <ClCompile Include="MFCGridCtrl\CellType\GridURLCell.cpp">
      <Filter>源文件</Filter>
    </ClCompile>
  </ItemGroup>
</Project>