<?xml version="1.0" encoding="utf-8"?>
<Project ToolsVersion="4.0" xmlns="http://schemas.microsoft.com/developer/msbuild/2003">
  <ItemGroup>
    <Filter Include="源文件">
      <UniqueIdentifier>{ae5e2eb9-ae15-4b31-b0ac-7990849fbc93}</UniqueIdentifier>
      <Extensions>cpp;c</Extensions>
    </Filter>
    <Filter Include="头文件">
      <UniqueIdentifier>{585773db-8341-478e-99c5-c7b63597e2aa}</UniqueIdentifier>
      <Extensions>hpp;h</Extensions>
    </Filter>
    <Filter Include="资源文件">
      <UniqueIdentifier>{f5cd86d6-1965-4f74-a24c-8a8abec709fb}</UniqueIdentifier>
      <Extensions>ico;rc;bin;zip</Extensions>
    </Filter>
  </ItemGroup>
  <ItemGroup>
    <None Include="readme.txt" />
    <None Include="AutoTranslation.ico">
      <Filter>资源文件</Filter>
    </None>
    <None Include="skin.zip">
      <Filter>资源文件</Filter>
    </None>
  </ItemGroup>
  <ItemGroup>
    <ClInclude Include="App.h">
      <Filter>头文件</Filter>
    </ClInclude>
    <ClInclude Include="AutoTranslation.h">
      <Filter>头文件</Filter>
    </ClInclude>
    <ClInclude Include="MainFrame.h">
      <Filter>头文件</Filter>
    </ClInclude>
    <ClInclude Include="resource.h">
      <Filter>头文件</Filter>
    </ClInclude>
    <ClInclude Include="stdafx.h">
      <Filter>头文件</Filter>
    </ClInclude>
    <ClInclude Include="targetver.h">
      <Filter>头文件</Filter>
    </ClInclude>
    <ClInclude Include="TransBaiDu.h">
      <Filter>头文件</Filter>
    </ClInclude>
    <ClInclude Include="ThreadWork.h">
      <Filter>头文件</Filter>
    </ClInclude>
    <ClInclude Include="DlgCreateLangPackage.h">
      <Filter>头文件</Filter>
    </ClInclude>
    <ClInclude Include="DlgLoginBaiDu.h">
      <Filter>头文件</Filter>
    </ClInclude>
  </ItemGroup>
  <ItemGroup>
    <ClCompile Include="App.cpp">
      <Filter>源文件</Filter>
    </ClCompile>
    <ClCompile Include="AutoTranslation.cpp">
      <Filter>源文件</Filter>
    </ClCompile>
    <ClCompile Include="MainFrame.cpp">
      <Filter>源文件</Filter>
    </ClCompile>
    <ClCompile Include="stdafx.cpp">
      <Filter>源文件</Filter>
    </ClCompile>
    <ClCompile Include="TransBaiDu.cpp">
      <Filter>源文件</Filter>
    </ClCompile>
    <ClCompile Include="ThreadWork.cpp">
      <Filter>源文件</Filter>
    </ClCompile>
    <ClCompile Include="DlgCreateLangPackage.cpp">
      <Filter>源文件</Filter>
    </ClCompile>
    <ClCompile Include="DlgLoginBaiDu.cpp">
      <Filter>源文件</Filter>
    </ClCompile>
  </ItemGroup>
  <ItemGroup>
    <ResourceCompile Include="AutoTranslation.rc">
      <Filter>资源文件</Filter>
    </ResourceCompile>
  </ItemGroup>
</Project>