
Microsoft Visual Studio Solution File, Format Version 9.00
# Visual Studio 2005
Project("{8BC9CEB8-8B4A-11D0-8D11-00A0C91BC942}") = "cximage", "CxImage\cximage_wince.vcproj", "{6885D5CD-7353-45A3-BC16-0F94F68B6F76}"
EndProject
Project("{8BC9CEB8-8B4A-11D0-8D11-00A0C91BC942}") = "CxImageCrtDll", "CxImage\CxImageDLL\CxImageCrtDll_wince.vcproj", "{8B2AFC31-F380-42E5-8C10-F1B31271D5D0}"
	ProjectSection(ProjectDependencies) = postProject
		{65818D16-53A8-4EBD-B5B2-2CA493E1DF1A} = {65818D16-53A8-4EBD-B5B2-2CA493E1DF1A}
		{400FE818-8181-4A51-8434-3E60AE1E0A3D} = {400FE818-8181-4A51-8434-3E60AE1E0A3D}
		{AE867A34-37BF-4216-8174-0E5895427D94} = {AE867A34-37BF-4216-8174-0E5895427D94}
		{075B4445-2F3F-4B31-864C-A333778D1D00} = {075B4445-2F3F-4B31-864C-A333778D1D00}
		{4C180654-EBEE-4463-8BAE-07AB9A5A253C} = {4C180654-EBEE-4463-8BAE-07AB9A5A253C}
		{0B0813D9-95B0-4172-A933-5BB7AE1498DD} = {0B0813D9-95B0-4172-A933-5BB7AE1498DD}
		{2A5AA1D0-372E-4FD4-BEAB-436A5E512BE2} = {2A5AA1D0-372E-4FD4-BEAB-436A5E512BE2}
		{9D3433C8-A880-4535-A817-742A0306E7BA} = {9D3433C8-A880-4535-A817-742A0306E7BA}
	EndProjectSection
EndProject
Project("{8BC9CEB8-8B4A-11D0-8D11-00A0C91BC942}") = "cximagemfcdll", "CxImage\CxImageDLL\CxImageMfcDll_wince.vcproj", "{82CE2B54-F77C-4B7F-890B-CC498A24B660}"
	ProjectSection(ProjectDependencies) = postProject
		{400FE818-8181-4A51-8434-3E60AE1E0A3D} = {400FE818-8181-4A51-8434-3E60AE1E0A3D}
		{2A5AA1D0-372E-4FD4-BEAB-436A5E512BE2} = {2A5AA1D0-372E-4FD4-BEAB-436A5E512BE2}
		{AE867A34-37BF-4216-8174-0E5895427D94} = {AE867A34-37BF-4216-8174-0E5895427D94}
		{4C180654-EBEE-4463-8BAE-07AB9A5A253C} = {4C180654-EBEE-4463-8BAE-07AB9A5A253C}
		{0B0813D9-95B0-4172-A933-5BB7AE1498DD} = {0B0813D9-95B0-4172-A933-5BB7AE1498DD}
		{075B4445-2F3F-4B31-864C-A333778D1D00} = {075B4445-2F3F-4B31-864C-A333778D1D00}
		{65818D16-53A8-4EBD-B5B2-2CA493E1DF1A} = {65818D16-53A8-4EBD-B5B2-2CA493E1DF1A}
		{9D3433C8-A880-4535-A817-742A0306E7BA} = {9D3433C8-A880-4535-A817-742A0306E7BA}
	EndProjectSection
EndProject
Project("{8BC9CEB8-8B4A-11D0-8D11-00A0C91BC942}") = "demo_ce", "demo_ce\demo_ce.vcproj", "{BEF98D63-DBF6-4435-AB81-603DE96F616A}"
	ProjectSection(ProjectDependencies) = postProject
		{9D3433C8-A880-4535-A817-742A0306E7BA} = {9D3433C8-A880-4535-A817-742A0306E7BA}
		{2A5AA1D0-372E-4FD4-BEAB-436A5E512BE2} = {2A5AA1D0-372E-4FD4-BEAB-436A5E512BE2}
		{0B0813D9-95B0-4172-A933-5BB7AE1498DD} = {0B0813D9-95B0-4172-A933-5BB7AE1498DD}
		{6885D5CD-7353-45A3-BC16-0F94F68B6F76} = {6885D5CD-7353-45A3-BC16-0F94F68B6F76}
		{4C180654-EBEE-4463-8BAE-07AB9A5A253C} = {4C180654-EBEE-4463-8BAE-07AB9A5A253C}
		{075B4445-2F3F-4B31-864C-A333778D1D00} = {075B4445-2F3F-4B31-864C-A333778D1D00}
		{AE867A34-37BF-4216-8174-0E5895427D94} = {AE867A34-37BF-4216-8174-0E5895427D94}
		{400FE818-8181-4A51-8434-3E60AE1E0A3D} = {400FE818-8181-4A51-8434-3E60AE1E0A3D}
		{65818D16-53A8-4EBD-B5B2-2CA493E1DF1A} = {65818D16-53A8-4EBD-B5B2-2CA493E1DF1A}
	EndProjectSection
EndProject
Project("{8BC9CEB8-8B4A-11D0-8D11-00A0C91BC942}") = "jasper", "jasper\jasper_wince.vcproj", "{400FE818-8181-4A51-8434-3E60AE1E0A3D}"
EndProject
Project("{8BC9CEB8-8B4A-11D0-8D11-00A0C91BC942}") = "jbig", "jbig\jbig_wince.vcproj", "{AE867A34-37BF-4216-8174-0E5895427D94}"
EndProject
Project("{8BC9CEB8-8B4A-11D0-8D11-00A0C91BC942}") = "jpeg", "jpeg\Jpeg_wince.vcproj", "{4C180654-EBEE-4463-8BAE-07AB9A5A253C}"
EndProject
Project("{8BC9CEB8-8B4A-11D0-8D11-00A0C91BC942}") = "png", "png\png_wince.vcproj", "{65818D16-53A8-4EBD-B5B2-2CA493E1DF1A}"
EndProject
Project("{8BC9CEB8-8B4A-11D0-8D11-00A0C91BC942}") = "tiff", "tiff\tiff_wince.vcproj", "{075B4445-2F3F-4B31-864C-A333778D1D00}"
EndProject
Project("{8BC9CEB8-8B4A-11D0-8D11-00A0C91BC942}") = "zlib", "zlib\zlib_wince.vcproj", "{0B0813D9-95B0-4172-A933-5BB7AE1498DD}"
EndProject
Project("{8BC9CEB8-8B4A-11D0-8D11-00A0C91BC942}") = "wcecompat", "wcecompat\wcecompat.vcproj", "{9D3433C8-A880-4535-A817-742A0306E7BA}"
EndProject
Project("{8BC9CEB8-8B4A-11D0-8D11-00A0C91BC942}") = "mng", "mng\mng_wince.vcproj", "{2A5AA1D0-372E-4FD4-BEAB-436A5E512BE2}"
EndProject
Global
	GlobalSection(SolutionConfigurationPlatforms) = preSolution
		Debug|Pocket PC 2003 (ARMV4) = Debug|Pocket PC 2003 (ARMV4)
		Debug|Smartphone 2003 (ARMV4) = Debug|Smartphone 2003 (ARMV4)
		Debug|Windows Mobile 5.0 Pocket PC SDK (ARMV4I) = Debug|Windows Mobile 5.0 Pocket PC SDK (ARMV4I)
		Release|Pocket PC 2003 (ARMV4) = Release|Pocket PC 2003 (ARMV4)
		Release|Smartphone 2003 (ARMV4) = Release|Smartphone 2003 (ARMV4)
		Release|Windows Mobile 5.0 Pocket PC SDK (ARMV4I) = Release|Windows Mobile 5.0 Pocket PC SDK (ARMV4I)
	EndGlobalSection
	GlobalSection(ProjectConfigurationPlatforms) = postSolution
		{6885D5CD-7353-45A3-BC16-0F94F68B6F76}.Debug|Pocket PC 2003 (ARMV4).ActiveCfg = Debug|Pocket PC 2003 (ARMV4)
		{6885D5CD-7353-45A3-BC16-0F94F68B6F76}.Debug|Pocket PC 2003 (ARMV4).Build.0 = Debug|Pocket PC 2003 (ARMV4)
		{6885D5CD-7353-45A3-BC16-0F94F68B6F76}.Debug|Pocket PC 2003 (ARMV4).Deploy.0 = Debug|Pocket PC 2003 (ARMV4)
		{6885D5CD-7353-45A3-BC16-0F94F68B6F76}.Debug|Smartphone 2003 (ARMV4).ActiveCfg = Debug|Smartphone 2003 (ARMV4)
		{6885D5CD-7353-45A3-BC16-0F94F68B6F76}.Debug|Smartphone 2003 (ARMV4).Build.0 = Debug|Smartphone 2003 (ARMV4)
		{6885D5CD-7353-45A3-BC16-0F94F68B6F76}.Debug|Smartphone 2003 (ARMV4).Deploy.0 = Debug|Smartphone 2003 (ARMV4)
		{6885D5CD-7353-45A3-BC16-0F94F68B6F76}.Debug|Windows Mobile 5.0 Pocket PC SDK (ARMV4I).ActiveCfg = Debug|Windows Mobile 5.0 Pocket PC SDK (ARMV4I)
		{6885D5CD-7353-45A3-BC16-0F94F68B6F76}.Debug|Windows Mobile 5.0 Pocket PC SDK (ARMV4I).Build.0 = Debug|Windows Mobile 5.0 Pocket PC SDK (ARMV4I)
		{6885D5CD-7353-45A3-BC16-0F94F68B6F76}.Debug|Windows Mobile 5.0 Pocket PC SDK (ARMV4I).Deploy.0 = Debug|Windows Mobile 5.0 Pocket PC SDK (ARMV4I)
		{6885D5CD-7353-45A3-BC16-0F94F68B6F76}.Release|Pocket PC 2003 (ARMV4).ActiveCfg = Release|Pocket PC 2003 (ARMV4)
		{6885D5CD-7353-45A3-BC16-0F94F68B6F76}.Release|Pocket PC 2003 (ARMV4).Build.0 = Release|Pocket PC 2003 (ARMV4)
		{6885D5CD-7353-45A3-BC16-0F94F68B6F76}.Release|Pocket PC 2003 (ARMV4).Deploy.0 = Release|Pocket PC 2003 (ARMV4)
		{6885D5CD-7353-45A3-BC16-0F94F68B6F76}.Release|Smartphone 2003 (ARMV4).ActiveCfg = Release|Smartphone 2003 (ARMV4)
		{6885D5CD-7353-45A3-BC16-0F94F68B6F76}.Release|Smartphone 2003 (ARMV4).Build.0 = Release|Smartphone 2003 (ARMV4)
		{6885D5CD-7353-45A3-BC16-0F94F68B6F76}.Release|Smartphone 2003 (ARMV4).Deploy.0 = Release|Smartphone 2003 (ARMV4)
		{6885D5CD-7353-45A3-BC16-0F94F68B6F76}.Release|Windows Mobile 5.0 Pocket PC SDK (ARMV4I).ActiveCfg = Release|Windows Mobile 5.0 Pocket PC SDK (ARMV4I)
		{6885D5CD-7353-45A3-BC16-0F94F68B6F76}.Release|Windows Mobile 5.0 Pocket PC SDK (ARMV4I).Build.0 = Release|Windows Mobile 5.0 Pocket PC SDK (ARMV4I)
		{6885D5CD-7353-45A3-BC16-0F94F68B6F76}.Release|Windows Mobile 5.0 Pocket PC SDK (ARMV4I).Deploy.0 = Release|Windows Mobile 5.0 Pocket PC SDK (ARMV4I)
		{8B2AFC31-F380-42E5-8C10-F1B31271D5D0}.Debug|Pocket PC 2003 (ARMV4).ActiveCfg = Debug|Pocket PC 2003 (ARMV4)
		{8B2AFC31-F380-42E5-8C10-F1B31271D5D0}.Debug|Pocket PC 2003 (ARMV4).Build.0 = Debug|Pocket PC 2003 (ARMV4)
		{8B2AFC31-F380-42E5-8C10-F1B31271D5D0}.Debug|Pocket PC 2003 (ARMV4).Deploy.0 = Debug|Pocket PC 2003 (ARMV4)
		{8B2AFC31-F380-42E5-8C10-F1B31271D5D0}.Debug|Smartphone 2003 (ARMV4).ActiveCfg = Debug|Smartphone 2003 (ARMV4)
		{8B2AFC31-F380-42E5-8C10-F1B31271D5D0}.Debug|Smartphone 2003 (ARMV4).Build.0 = Debug|Smartphone 2003 (ARMV4)
		{8B2AFC31-F380-42E5-8C10-F1B31271D5D0}.Debug|Smartphone 2003 (ARMV4).Deploy.0 = Debug|Smartphone 2003 (ARMV4)
		{8B2AFC31-F380-42E5-8C10-F1B31271D5D0}.Debug|Windows Mobile 5.0 Pocket PC SDK (ARMV4I).ActiveCfg = Debug|Windows Mobile 5.0 Pocket PC SDK (ARMV4I)
		{8B2AFC31-F380-42E5-8C10-F1B31271D5D0}.Debug|Windows Mobile 5.0 Pocket PC SDK (ARMV4I).Build.0 = Debug|Windows Mobile 5.0 Pocket PC SDK (ARMV4I)
		{8B2AFC31-F380-42E5-8C10-F1B31271D5D0}.Debug|Windows Mobile 5.0 Pocket PC SDK (ARMV4I).Deploy.0 = Debug|Windows Mobile 5.0 Pocket PC SDK (ARMV4I)
		{8B2AFC31-F380-42E5-8C10-F1B31271D5D0}.Release|Pocket PC 2003 (ARMV4).ActiveCfg = Release|Pocket PC 2003 (ARMV4)
		{8B2AFC31-F380-42E5-8C10-F1B31271D5D0}.Release|Pocket PC 2003 (ARMV4).Build.0 = Release|Pocket PC 2003 (ARMV4)
		{8B2AFC31-F380-42E5-8C10-F1B31271D5D0}.Release|Pocket PC 2003 (ARMV4).Deploy.0 = Release|Pocket PC 2003 (ARMV4)
		{8B2AFC31-F380-42E5-8C10-F1B31271D5D0}.Release|Smartphone 2003 (ARMV4).ActiveCfg = Release|Smartphone 2003 (ARMV4)
		{8B2AFC31-F380-42E5-8C10-F1B31271D5D0}.Release|Smartphone 2003 (ARMV4).Build.0 = Release|Smartphone 2003 (ARMV4)
		{8B2AFC31-F380-42E5-8C10-F1B31271D5D0}.Release|Smartphone 2003 (ARMV4).Deploy.0 = Release|Smartphone 2003 (ARMV4)
		{8B2AFC31-F380-42E5-8C10-F1B31271D5D0}.Release|Windows Mobile 5.0 Pocket PC SDK (ARMV4I).ActiveCfg = Release|Windows Mobile 5.0 Pocket PC SDK (ARMV4I)
		{8B2AFC31-F380-42E5-8C10-F1B31271D5D0}.Release|Windows Mobile 5.0 Pocket PC SDK (ARMV4I).Build.0 = Release|Windows Mobile 5.0 Pocket PC SDK (ARMV4I)
		{8B2AFC31-F380-42E5-8C10-F1B31271D5D0}.Release|Windows Mobile 5.0 Pocket PC SDK (ARMV4I).Deploy.0 = Release|Windows Mobile 5.0 Pocket PC SDK (ARMV4I)
		{82CE2B54-F77C-4B7F-890B-CC498A24B660}.Debug|Pocket PC 2003 (ARMV4).ActiveCfg = Debug|Pocket PC 2003 (ARMV4)
		{82CE2B54-F77C-4B7F-890B-CC498A24B660}.Debug|Pocket PC 2003 (ARMV4).Build.0 = Debug|Pocket PC 2003 (ARMV4)
		{82CE2B54-F77C-4B7F-890B-CC498A24B660}.Debug|Pocket PC 2003 (ARMV4).Deploy.0 = Debug|Pocket PC 2003 (ARMV4)
		{82CE2B54-F77C-4B7F-890B-CC498A24B660}.Debug|Smartphone 2003 (ARMV4).ActiveCfg = Debug|Smartphone 2003 (ARMV4)
		{82CE2B54-F77C-4B7F-890B-CC498A24B660}.Debug|Smartphone 2003 (ARMV4).Build.0 = Debug|Smartphone 2003 (ARMV4)
		{82CE2B54-F77C-4B7F-890B-CC498A24B660}.Debug|Smartphone 2003 (ARMV4).Deploy.0 = Debug|Smartphone 2003 (ARMV4)
		{82CE2B54-F77C-4B7F-890B-CC498A24B660}.Debug|Windows Mobile 5.0 Pocket PC SDK (ARMV4I).ActiveCfg = Debug|Windows Mobile 5.0 Pocket PC SDK (ARMV4I)
		{82CE2B54-F77C-4B7F-890B-CC498A24B660}.Debug|Windows Mobile 5.0 Pocket PC SDK (ARMV4I).Build.0 = Debug|Windows Mobile 5.0 Pocket PC SDK (ARMV4I)
		{82CE2B54-F77C-4B7F-890B-CC498A24B660}.Debug|Windows Mobile 5.0 Pocket PC SDK (ARMV4I).Deploy.0 = Debug|Windows Mobile 5.0 Pocket PC SDK (ARMV4I)
		{82CE2B54-F77C-4B7F-890B-CC498A24B660}.Release|Pocket PC 2003 (ARMV4).ActiveCfg = Release|Pocket PC 2003 (ARMV4)
		{82CE2B54-F77C-4B7F-890B-CC498A24B660}.Release|Pocket PC 2003 (ARMV4).Build.0 = Release|Pocket PC 2003 (ARMV4)
		{82CE2B54-F77C-4B7F-890B-CC498A24B660}.Release|Pocket PC 2003 (ARMV4).Deploy.0 = Release|Pocket PC 2003 (ARMV4)
		{82CE2B54-F77C-4B7F-890B-CC498A24B660}.Release|Smartphone 2003 (ARMV4).ActiveCfg = Release|Smartphone 2003 (ARMV4)
		{82CE2B54-F77C-4B7F-890B-CC498A24B660}.Release|Smartphone 2003 (ARMV4).Build.0 = Release|Smartphone 2003 (ARMV4)
		{82CE2B54-F77C-4B7F-890B-CC498A24B660}.Release|Smartphone 2003 (ARMV4).Deploy.0 = Release|Smartphone 2003 (ARMV4)
		{82CE2B54-F77C-4B7F-890B-CC498A24B660}.Release|Windows Mobile 5.0 Pocket PC SDK (ARMV4I).ActiveCfg = Release|Windows Mobile 5.0 Pocket PC SDK (ARMV4I)
		{82CE2B54-F77C-4B7F-890B-CC498A24B660}.Release|Windows Mobile 5.0 Pocket PC SDK (ARMV4I).Build.0 = Release|Windows Mobile 5.0 Pocket PC SDK (ARMV4I)
		{82CE2B54-F77C-4B7F-890B-CC498A24B660}.Release|Windows Mobile 5.0 Pocket PC SDK (ARMV4I).Deploy.0 = Release|Windows Mobile 5.0 Pocket PC SDK (ARMV4I)
		{BEF98D63-DBF6-4435-AB81-603DE96F616A}.Debug|Pocket PC 2003 (ARMV4).ActiveCfg = Debug|Pocket PC 2003 (ARMV4)
		{BEF98D63-DBF6-4435-AB81-603DE96F616A}.Debug|Pocket PC 2003 (ARMV4).Build.0 = Debug|Pocket PC 2003 (ARMV4)
		{BEF98D63-DBF6-4435-AB81-603DE96F616A}.Debug|Pocket PC 2003 (ARMV4).Deploy.0 = Debug|Pocket PC 2003 (ARMV4)
		{BEF98D63-DBF6-4435-AB81-603DE96F616A}.Debug|Smartphone 2003 (ARMV4).ActiveCfg = Debug|Windows Mobile 5.0 Pocket PC SDK (ARMV4I)
		{BEF98D63-DBF6-4435-AB81-603DE96F616A}.Debug|Windows Mobile 5.0 Pocket PC SDK (ARMV4I).ActiveCfg = Debug|Windows Mobile 5.0 Pocket PC SDK (ARMV4I)
		{BEF98D63-DBF6-4435-AB81-603DE96F616A}.Debug|Windows Mobile 5.0 Pocket PC SDK (ARMV4I).Build.0 = Debug|Windows Mobile 5.0 Pocket PC SDK (ARMV4I)
		{BEF98D63-DBF6-4435-AB81-603DE96F616A}.Debug|Windows Mobile 5.0 Pocket PC SDK (ARMV4I).Deploy.0 = Debug|Windows Mobile 5.0 Pocket PC SDK (ARMV4I)
		{BEF98D63-DBF6-4435-AB81-603DE96F616A}.Release|Pocket PC 2003 (ARMV4).ActiveCfg = Release|Pocket PC 2003 (ARMV4)
		{BEF98D63-DBF6-4435-AB81-603DE96F616A}.Release|Pocket PC 2003 (ARMV4).Build.0 = Release|Pocket PC 2003 (ARMV4)
		{BEF98D63-DBF6-4435-AB81-603DE96F616A}.Release|Pocket PC 2003 (ARMV4).Deploy.0 = Release|Pocket PC 2003 (ARMV4)
		{BEF98D63-DBF6-4435-AB81-603DE96F616A}.Release|Smartphone 2003 (ARMV4).ActiveCfg = Release|Windows Mobile 5.0 Pocket PC SDK (ARMV4I)
		{BEF98D63-DBF6-4435-AB81-603DE96F616A}.Release|Windows Mobile 5.0 Pocket PC SDK (ARMV4I).ActiveCfg = Release|Windows Mobile 5.0 Pocket PC SDK (ARMV4I)
		{BEF98D63-DBF6-4435-AB81-603DE96F616A}.Release|Windows Mobile 5.0 Pocket PC SDK (ARMV4I).Build.0 = Release|Windows Mobile 5.0 Pocket PC SDK (ARMV4I)
		{BEF98D63-DBF6-4435-AB81-603DE96F616A}.Release|Windows Mobile 5.0 Pocket PC SDK (ARMV4I).Deploy.0 = Release|Windows Mobile 5.0 Pocket PC SDK (ARMV4I)
		{400FE818-8181-4A51-8434-3E60AE1E0A3D}.Debug|Pocket PC 2003 (ARMV4).ActiveCfg = Debug|Pocket PC 2003 (ARMV4)
		{400FE818-8181-4A51-8434-3E60AE1E0A3D}.Debug|Pocket PC 2003 (ARMV4).Build.0 = Debug|Pocket PC 2003 (ARMV4)
		{400FE818-8181-4A51-8434-3E60AE1E0A3D}.Debug|Pocket PC 2003 (ARMV4).Deploy.0 = Debug|Pocket PC 2003 (ARMV4)
		{400FE818-8181-4A51-8434-3E60AE1E0A3D}.Debug|Smartphone 2003 (ARMV4).ActiveCfg = Debug|Smartphone 2003 (ARMV4)
		{400FE818-8181-4A51-8434-3E60AE1E0A3D}.Debug|Smartphone 2003 (ARMV4).Build.0 = Debug|Smartphone 2003 (ARMV4)
		{400FE818-8181-4A51-8434-3E60AE1E0A3D}.Debug|Smartphone 2003 (ARMV4).Deploy.0 = Debug|Smartphone 2003 (ARMV4)
		{400FE818-8181-4A51-8434-3E60AE1E0A3D}.Debug|Windows Mobile 5.0 Pocket PC SDK (ARMV4I).ActiveCfg = Debug|Windows Mobile 5.0 Pocket PC SDK (ARMV4I)
		{400FE818-8181-4A51-8434-3E60AE1E0A3D}.Debug|Windows Mobile 5.0 Pocket PC SDK (ARMV4I).Build.0 = Debug|Windows Mobile 5.0 Pocket PC SDK (ARMV4I)
		{400FE818-8181-4A51-8434-3E60AE1E0A3D}.Debug|Windows Mobile 5.0 Pocket PC SDK (ARMV4I).Deploy.0 = Debug|Windows Mobile 5.0 Pocket PC SDK (ARMV4I)
		{400FE818-8181-4A51-8434-3E60AE1E0A3D}.Release|Pocket PC 2003 (ARMV4).ActiveCfg = Release|Pocket PC 2003 (ARMV4)
		{400FE818-8181-4A51-8434-3E60AE1E0A3D}.Release|Pocket PC 2003 (ARMV4).Build.0 = Release|Pocket PC 2003 (ARMV4)
		{400FE818-8181-4A51-8434-3E60AE1E0A3D}.Release|Pocket PC 2003 (ARMV4).Deploy.0 = Release|Pocket PC 2003 (ARMV4)
		{400FE818-8181-4A51-8434-3E60AE1E0A3D}.Release|Smartphone 2003 (ARMV4).ActiveCfg = Release|Smartphone 2003 (ARMV4)
		{400FE818-8181-4A51-8434-3E60AE1E0A3D}.Release|Smartphone 2003 (ARMV4).Build.0 = Release|Smartphone 2003 (ARMV4)
		{400FE818-8181-4A51-8434-3E60AE1E0A3D}.Release|Smartphone 2003 (ARMV4).Deploy.0 = Release|Smartphone 2003 (ARMV4)
		{400FE818-8181-4A51-8434-3E60AE1E0A3D}.Release|Windows Mobile 5.0 Pocket PC SDK (ARMV4I).ActiveCfg = Release|Windows Mobile 5.0 Pocket PC SDK (ARMV4I)
		{400FE818-8181-4A51-8434-3E60AE1E0A3D}.Release|Windows Mobile 5.0 Pocket PC SDK (ARMV4I).Build.0 = Release|Windows Mobile 5.0 Pocket PC SDK (ARMV4I)
		{400FE818-8181-4A51-8434-3E60AE1E0A3D}.Release|Windows Mobile 5.0 Pocket PC SDK (ARMV4I).Deploy.0 = Release|Windows Mobile 5.0 Pocket PC SDK (ARMV4I)
		{AE867A34-37BF-4216-8174-0E5895427D94}.Debug|Pocket PC 2003 (ARMV4).ActiveCfg = Debug|Pocket PC 2003 (ARMV4)
		{AE867A34-37BF-4216-8174-0E5895427D94}.Debug|Pocket PC 2003 (ARMV4).Build.0 = Debug|Pocket PC 2003 (ARMV4)
		{AE867A34-37BF-4216-8174-0E5895427D94}.Debug|Pocket PC 2003 (ARMV4).Deploy.0 = Debug|Pocket PC 2003 (ARMV4)
		{AE867A34-37BF-4216-8174-0E5895427D94}.Debug|Smartphone 2003 (ARMV4).ActiveCfg = Debug|Smartphone 2003 (ARMV4)
		{AE867A34-37BF-4216-8174-0E5895427D94}.Debug|Smartphone 2003 (ARMV4).Build.0 = Debug|Smartphone 2003 (ARMV4)
		{AE867A34-37BF-4216-8174-0E5895427D94}.Debug|Smartphone 2003 (ARMV4).Deploy.0 = Debug|Smartphone 2003 (ARMV4)
		{AE867A34-37BF-4216-8174-0E5895427D94}.Debug|Windows Mobile 5.0 Pocket PC SDK (ARMV4I).ActiveCfg = Debug|Windows Mobile 5.0 Pocket PC SDK (ARMV4I)
		{AE867A34-37BF-4216-8174-0E5895427D94}.Debug|Windows Mobile 5.0 Pocket PC SDK (ARMV4I).Build.0 = Debug|Windows Mobile 5.0 Pocket PC SDK (ARMV4I)
		{AE867A34-37BF-4216-8174-0E5895427D94}.Debug|Windows Mobile 5.0 Pocket PC SDK (ARMV4I).Deploy.0 = Debug|Windows Mobile 5.0 Pocket PC SDK (ARMV4I)
		{AE867A34-37BF-4216-8174-0E5895427D94}.Release|Pocket PC 2003 (ARMV4).ActiveCfg = Release|Pocket PC 2003 (ARMV4)
		{AE867A34-37BF-4216-8174-0E5895427D94}.Release|Pocket PC 2003 (ARMV4).Build.0 = Release|Pocket PC 2003 (ARMV4)
		{AE867A34-37BF-4216-8174-0E5895427D94}.Release|Pocket PC 2003 (ARMV4).Deploy.0 = Release|Pocket PC 2003 (ARMV4)
		{AE867A34-37BF-4216-8174-0E5895427D94}.Release|Smartphone 2003 (ARMV4).ActiveCfg = Release|Smartphone 2003 (ARMV4)
		{AE867A34-37BF-4216-8174-0E5895427D94}.Release|Smartphone 2003 (ARMV4).Build.0 = Release|Smartphone 2003 (ARMV4)
		{AE867A34-37BF-4216-8174-0E5895427D94}.Release|Smartphone 2003 (ARMV4).Deploy.0 = Release|Smartphone 2003 (ARMV4)
		{AE867A34-37BF-4216-8174-0E5895427D94}.Release|Windows Mobile 5.0 Pocket PC SDK (ARMV4I).ActiveCfg = Release|Windows Mobile 5.0 Pocket PC SDK (ARMV4I)
		{AE867A34-37BF-4216-8174-0E5895427D94}.Release|Windows Mobile 5.0 Pocket PC SDK (ARMV4I).Build.0 = Release|Windows Mobile 5.0 Pocket PC SDK (ARMV4I)
		{AE867A34-37BF-4216-8174-0E5895427D94}.Release|Windows Mobile 5.0 Pocket PC SDK (ARMV4I).Deploy.0 = Release|Windows Mobile 5.0 Pocket PC SDK (ARMV4I)
		{4C180654-EBEE-4463-8BAE-07AB9A5A253C}.Debug|Pocket PC 2003 (ARMV4).ActiveCfg = Debug|Pocket PC 2003 (ARMV4)
		{4C180654-EBEE-4463-8BAE-07AB9A5A253C}.Debug|Pocket PC 2003 (ARMV4).Build.0 = Debug|Pocket PC 2003 (ARMV4)
		{4C180654-EBEE-4463-8BAE-07AB9A5A253C}.Debug|Pocket PC 2003 (ARMV4).Deploy.0 = Debug|Pocket PC 2003 (ARMV4)
		{4C180654-EBEE-4463-8BAE-07AB9A5A253C}.Debug|Smartphone 2003 (ARMV4).ActiveCfg = Debug|Smartphone 2003 (ARMV4)
		{4C180654-EBEE-4463-8BAE-07AB9A5A253C}.Debug|Smartphone 2003 (ARMV4).Build.0 = Debug|Smartphone 2003 (ARMV4)
		{4C180654-EBEE-4463-8BAE-07AB9A5A253C}.Debug|Smartphone 2003 (ARMV4).Deploy.0 = Debug|Smartphone 2003 (ARMV4)
		{4C180654-EBEE-4463-8BAE-07AB9A5A253C}.Debug|Windows Mobile 5.0 Pocket PC SDK (ARMV4I).ActiveCfg = Debug|Windows Mobile 5.0 Pocket PC SDK (ARMV4I)
		{4C180654-EBEE-4463-8BAE-07AB9A5A253C}.Debug|Windows Mobile 5.0 Pocket PC SDK (ARMV4I).Build.0 = Debug|Windows Mobile 5.0 Pocket PC SDK (ARMV4I)
		{4C180654-EBEE-4463-8BAE-07AB9A5A253C}.Debug|Windows Mobile 5.0 Pocket PC SDK (ARMV4I).Deploy.0 = Debug|Windows Mobile 5.0 Pocket PC SDK (ARMV4I)
		{4C180654-EBEE-4463-8BAE-07AB9A5A253C}.Release|Pocket PC 2003 (ARMV4).ActiveCfg = Release|Pocket PC 2003 (ARMV4)
		{4C180654-EBEE-4463-8BAE-07AB9A5A253C}.Release|Pocket PC 2003 (ARMV4).Build.0 = Release|Pocket PC 2003 (ARMV4)
		{4C180654-EBEE-4463-8BAE-07AB9A5A253C}.Release|Pocket PC 2003 (ARMV4).Deploy.0 = Release|Pocket PC 2003 (ARMV4)
		{4C180654-EBEE-4463-8BAE-07AB9A5A253C}.Release|Smartphone 2003 (ARMV4).ActiveCfg = Release|Smartphone 2003 (ARMV4)
		{4C180654-EBEE-4463-8BAE-07AB9A5A253C}.Release|Smartphone 2003 (ARMV4).Build.0 = Release|Smartphone 2003 (ARMV4)
		{4C180654-EBEE-4463-8BAE-07AB9A5A253C}.Release|Smartphone 2003 (ARMV4).Deploy.0 = Release|Smartphone 2003 (ARMV4)
		{4C180654-EBEE-4463-8BAE-07AB9A5A253C}.Release|Windows Mobile 5.0 Pocket PC SDK (ARMV4I).ActiveCfg = Release|Windows Mobile 5.0 Pocket PC SDK (ARMV4I)
		{4C180654-EBEE-4463-8BAE-07AB9A5A253C}.Release|Windows Mobile 5.0 Pocket PC SDK (ARMV4I).Build.0 = Release|Windows Mobile 5.0 Pocket PC SDK (ARMV4I)
		{4C180654-EBEE-4463-8BAE-07AB9A5A253C}.Release|Windows Mobile 5.0 Pocket PC SDK (ARMV4I).Deploy.0 = Release|Windows Mobile 5.0 Pocket PC SDK (ARMV4I)
		{65818D16-53A8-4EBD-B5B2-2CA493E1DF1A}.Debug|Pocket PC 2003 (ARMV4).ActiveCfg = Debug|Pocket PC 2003 (ARMV4)
		{65818D16-53A8-4EBD-B5B2-2CA493E1DF1A}.Debug|Pocket PC 2003 (ARMV4).Build.0 = Debug|Pocket PC 2003 (ARMV4)
		{65818D16-53A8-4EBD-B5B2-2CA493E1DF1A}.Debug|Pocket PC 2003 (ARMV4).Deploy.0 = Debug|Pocket PC 2003 (ARMV4)
		{65818D16-53A8-4EBD-B5B2-2CA493E1DF1A}.Debug|Smartphone 2003 (ARMV4).ActiveCfg = Debug|Smartphone 2003 (ARMV4)
		{65818D16-53A8-4EBD-B5B2-2CA493E1DF1A}.Debug|Smartphone 2003 (ARMV4).Build.0 = Debug|Smartphone 2003 (ARMV4)
		{65818D16-53A8-4EBD-B5B2-2CA493E1DF1A}.Debug|Smartphone 2003 (ARMV4).Deploy.0 = Debug|Smartphone 2003 (ARMV4)
		{65818D16-53A8-4EBD-B5B2-2CA493E1DF1A}.Debug|Windows Mobile 5.0 Pocket PC SDK (ARMV4I).ActiveCfg = Debug|Windows Mobile 5.0 Pocket PC SDK (ARMV4I)
		{65818D16-53A8-4EBD-B5B2-2CA493E1DF1A}.Debug|Windows Mobile 5.0 Pocket PC SDK (ARMV4I).Build.0 = Debug|Windows Mobile 5.0 Pocket PC SDK (ARMV4I)
		{65818D16-53A8-4EBD-B5B2-2CA493E1DF1A}.Debug|Windows Mobile 5.0 Pocket PC SDK (ARMV4I).Deploy.0 = Debug|Windows Mobile 5.0 Pocket PC SDK (ARMV4I)
		{65818D16-53A8-4EBD-B5B2-2CA493E1DF1A}.Release|Pocket PC 2003 (ARMV4).ActiveCfg = Release|Pocket PC 2003 (ARMV4)
		{65818D16-53A8-4EBD-B5B2-2CA493E1DF1A}.Release|Pocket PC 2003 (ARMV4).Build.0 = Release|Pocket PC 2003 (ARMV4)
		{65818D16-53A8-4EBD-B5B2-2CA493E1DF1A}.Release|Pocket PC 2003 (ARMV4).Deploy.0 = Release|Pocket PC 2003 (ARMV4)
		{65818D16-53A8-4EBD-B5B2-2CA493E1DF1A}.Release|Smartphone 2003 (ARMV4).ActiveCfg = Release|Smartphone 2003 (ARMV4)
		{65818D16-53A8-4EBD-B5B2-2CA493E1DF1A}.Release|Smartphone 2003 (ARMV4).Build.0 = Release|Smartphone 2003 (ARMV4)
		{65818D16-53A8-4EBD-B5B2-2CA493E1DF1A}.Release|Smartphone 2003 (ARMV4).Deploy.0 = Release|Smartphone 2003 (ARMV4)
		{65818D16-53A8-4EBD-B5B2-2CA493E1DF1A}.Release|Windows Mobile 5.0 Pocket PC SDK (ARMV4I).ActiveCfg = Release|Windows Mobile 5.0 Pocket PC SDK (ARMV4I)
		{65818D16-53A8-4EBD-B5B2-2CA493E1DF1A}.Release|Windows Mobile 5.0 Pocket PC SDK (ARMV4I).Build.0 = Release|Windows Mobile 5.0 Pocket PC SDK (ARMV4I)
		{65818D16-53A8-4EBD-B5B2-2CA493E1DF1A}.Release|Windows Mobile 5.0 Pocket PC SDK (ARMV4I).Deploy.0 = Release|Windows Mobile 5.0 Pocket PC SDK (ARMV4I)
		{075B4445-2F3F-4B31-864C-A333778D1D00}.Debug|Pocket PC 2003 (ARMV4).ActiveCfg = Debug|Pocket PC 2003 (ARMV4)
		{075B4445-2F3F-4B31-864C-A333778D1D00}.Debug|Pocket PC 2003 (ARMV4).Build.0 = Debug|Pocket PC 2003 (ARMV4)
		{075B4445-2F3F-4B31-864C-A333778D1D00}.Debug|Pocket PC 2003 (ARMV4).Deploy.0 = Debug|Pocket PC 2003 (ARMV4)
		{075B4445-2F3F-4B31-864C-A333778D1D00}.Debug|Smartphone 2003 (ARMV4).ActiveCfg = Debug|Smartphone 2003 (ARMV4)
		{075B4445-2F3F-4B31-864C-A333778D1D00}.Debug|Smartphone 2003 (ARMV4).Build.0 = Debug|Smartphone 2003 (ARMV4)
		{075B4445-2F3F-4B31-864C-A333778D1D00}.Debug|Smartphone 2003 (ARMV4).Deploy.0 = Debug|Smartphone 2003 (ARMV4)
		{075B4445-2F3F-4B31-864C-A333778D1D00}.Debug|Windows Mobile 5.0 Pocket PC SDK (ARMV4I).ActiveCfg = Debug|Windows Mobile 5.0 Pocket PC SDK (ARMV4I)
		{075B4445-2F3F-4B31-864C-A333778D1D00}.Debug|Windows Mobile 5.0 Pocket PC SDK (ARMV4I).Build.0 = Debug|Windows Mobile 5.0 Pocket PC SDK (ARMV4I)
		{075B4445-2F3F-4B31-864C-A333778D1D00}.Debug|Windows Mobile 5.0 Pocket PC SDK (ARMV4I).Deploy.0 = Debug|Windows Mobile 5.0 Pocket PC SDK (ARMV4I)
		{075B4445-2F3F-4B31-864C-A333778D1D00}.Release|Pocket PC 2003 (ARMV4).ActiveCfg = Release|Pocket PC 2003 (ARMV4)
		{075B4445-2F3F-4B31-864C-A333778D1D00}.Release|Pocket PC 2003 (ARMV4).Build.0 = Release|Pocket PC 2003 (ARMV4)
		{075B4445-2F3F-4B31-864C-A333778D1D00}.Release|Pocket PC 2003 (ARMV4).Deploy.0 = Release|Pocket PC 2003 (ARMV4)
		{075B4445-2F3F-4B31-864C-A333778D1D00}.Release|Smartphone 2003 (ARMV4).ActiveCfg = Release|Smartphone 2003 (ARMV4)
		{075B4445-2F3F-4B31-864C-A333778D1D00}.Release|Smartphone 2003 (ARMV4).Build.0 = Release|Smartphone 2003 (ARMV4)
		{075B4445-2F3F-4B31-864C-A333778D1D00}.Release|Smartphone 2003 (ARMV4).Deploy.0 = Release|Smartphone 2003 (ARMV4)
		{075B4445-2F3F-4B31-864C-A333778D1D00}.Release|Windows Mobile 5.0 Pocket PC SDK (ARMV4I).ActiveCfg = Release|Windows Mobile 5.0 Pocket PC SDK (ARMV4I)
		{075B4445-2F3F-4B31-864C-A333778D1D00}.Release|Windows Mobile 5.0 Pocket PC SDK (ARMV4I).Build.0 = Release|Windows Mobile 5.0 Pocket PC SDK (ARMV4I)
		{075B4445-2F3F-4B31-864C-A333778D1D00}.Release|Windows Mobile 5.0 Pocket PC SDK (ARMV4I).Deploy.0 = Release|Windows Mobile 5.0 Pocket PC SDK (ARMV4I)
		{0B0813D9-95B0-4172-A933-5BB7AE1498DD}.Debug|Pocket PC 2003 (ARMV4).ActiveCfg = Debug|Pocket PC 2003 (ARMV4)
		{0B0813D9-95B0-4172-A933-5BB7AE1498DD}.Debug|Pocket PC 2003 (ARMV4).Build.0 = Debug|Pocket PC 2003 (ARMV4)
		{0B0813D9-95B0-4172-A933-5BB7AE1498DD}.Debug|Pocket PC 2003 (ARMV4).Deploy.0 = Debug|Pocket PC 2003 (ARMV4)
		{0B0813D9-95B0-4172-A933-5BB7AE1498DD}.Debug|Smartphone 2003 (ARMV4).ActiveCfg = Debug|Smartphone 2003 (ARMV4)
		{0B0813D9-95B0-4172-A933-5BB7AE1498DD}.Debug|Smartphone 2003 (ARMV4).Build.0 = Debug|Smartphone 2003 (ARMV4)
		{0B0813D9-95B0-4172-A933-5BB7AE1498DD}.Debug|Smartphone 2003 (ARMV4).Deploy.0 = Debug|Smartphone 2003 (ARMV4)
		{0B0813D9-95B0-4172-A933-5BB7AE1498DD}.Debug|Windows Mobile 5.0 Pocket PC SDK (ARMV4I).ActiveCfg = Debug|Windows Mobile 5.0 Pocket PC SDK (ARMV4I)
		{0B0813D9-95B0-4172-A933-5BB7AE1498DD}.Debug|Windows Mobile 5.0 Pocket PC SDK (ARMV4I).Build.0 = Debug|Windows Mobile 5.0 Pocket PC SDK (ARMV4I)
		{0B0813D9-95B0-4172-A933-5BB7AE1498DD}.Debug|Windows Mobile 5.0 Pocket PC SDK (ARMV4I).Deploy.0 = Debug|Windows Mobile 5.0 Pocket PC SDK (ARMV4I)
		{0B0813D9-95B0-4172-A933-5BB7AE1498DD}.Release|Pocket PC 2003 (ARMV4).ActiveCfg = Release|Pocket PC 2003 (ARMV4)
		{0B0813D9-95B0-4172-A933-5BB7AE1498DD}.Release|Pocket PC 2003 (ARMV4).Build.0 = Release|Pocket PC 2003 (ARMV4)
		{0B0813D9-95B0-4172-A933-5BB7AE1498DD}.Release|Pocket PC 2003 (ARMV4).Deploy.0 = Release|Pocket PC 2003 (ARMV4)
		{0B0813D9-95B0-4172-A933-5BB7AE1498DD}.Release|Smartphone 2003 (ARMV4).ActiveCfg = Release|Smartphone 2003 (ARMV4)
		{0B0813D9-95B0-4172-A933-5BB7AE1498DD}.Release|Smartphone 2003 (ARMV4).Build.0 = Release|Smartphone 2003 (ARMV4)
		{0B0813D9-95B0-4172-A933-5BB7AE1498DD}.Release|Smartphone 2003 (ARMV4).Deploy.0 = Release|Smartphone 2003 (ARMV4)
		{0B0813D9-95B0-4172-A933-5BB7AE1498DD}.Release|Windows Mobile 5.0 Pocket PC SDK (ARMV4I).ActiveCfg = Release|Windows Mobile 5.0 Pocket PC SDK (ARMV4I)
		{0B0813D9-95B0-4172-A933-5BB7AE1498DD}.Release|Windows Mobile 5.0 Pocket PC SDK (ARMV4I).Build.0 = Release|Windows Mobile 5.0 Pocket PC SDK (ARMV4I)
		{0B0813D9-95B0-4172-A933-5BB7AE1498DD}.Release|Windows Mobile 5.0 Pocket PC SDK (ARMV4I).Deploy.0 = Release|Windows Mobile 5.0 Pocket PC SDK (ARMV4I)
		{9D3433C8-A880-4535-A817-742A0306E7BA}.Debug|Pocket PC 2003 (ARMV4).ActiveCfg = Debug|Pocket PC 2003 (ARMV4)
		{9D3433C8-A880-4535-A817-742A0306E7BA}.Debug|Pocket PC 2003 (ARMV4).Build.0 = Debug|Pocket PC 2003 (ARMV4)
		{9D3433C8-A880-4535-A817-742A0306E7BA}.Debug|Pocket PC 2003 (ARMV4).Deploy.0 = Debug|Pocket PC 2003 (ARMV4)
		{9D3433C8-A880-4535-A817-742A0306E7BA}.Debug|Smartphone 2003 (ARMV4).ActiveCfg = Debug|Smartphone 2003 (ARMV4)
		{9D3433C8-A880-4535-A817-742A0306E7BA}.Debug|Smartphone 2003 (ARMV4).Build.0 = Debug|Smartphone 2003 (ARMV4)
		{9D3433C8-A880-4535-A817-742A0306E7BA}.Debug|Smartphone 2003 (ARMV4).Deploy.0 = Debug|Smartphone 2003 (ARMV4)
		{9D3433C8-A880-4535-A817-742A0306E7BA}.Debug|Windows Mobile 5.0 Pocket PC SDK (ARMV4I).ActiveCfg = Debug|Pocket PC 2003 (ARMV4)
		{9D3433C8-A880-4535-A817-742A0306E7BA}.Release|Pocket PC 2003 (ARMV4).ActiveCfg = Release|Pocket PC 2003 (ARMV4)
		{9D3433C8-A880-4535-A817-742A0306E7BA}.Release|Pocket PC 2003 (ARMV4).Build.0 = Release|Pocket PC 2003 (ARMV4)
		{9D3433C8-A880-4535-A817-742A0306E7BA}.Release|Pocket PC 2003 (ARMV4).Deploy.0 = Release|Pocket PC 2003 (ARMV4)
		{9D3433C8-A880-4535-A817-742A0306E7BA}.Release|Smartphone 2003 (ARMV4).ActiveCfg = Release|Smartphone 2003 (ARMV4)
		{9D3433C8-A880-4535-A817-742A0306E7BA}.Release|Smartphone 2003 (ARMV4).Build.0 = Release|Smartphone 2003 (ARMV4)
		{9D3433C8-A880-4535-A817-742A0306E7BA}.Release|Smartphone 2003 (ARMV4).Deploy.0 = Release|Smartphone 2003 (ARMV4)
		{9D3433C8-A880-4535-A817-742A0306E7BA}.Release|Windows Mobile 5.0 Pocket PC SDK (ARMV4I).ActiveCfg = Release|Pocket PC 2003 (ARMV4)
		{2A5AA1D0-372E-4FD4-BEAB-436A5E512BE2}.Debug|Pocket PC 2003 (ARMV4).ActiveCfg = Debug|Pocket PC 2003 (ARMV4)
		{2A5AA1D0-372E-4FD4-BEAB-436A5E512BE2}.Debug|Pocket PC 2003 (ARMV4).Build.0 = Debug|Pocket PC 2003 (ARMV4)
		{2A5AA1D0-372E-4FD4-BEAB-436A5E512BE2}.Debug|Pocket PC 2003 (ARMV4).Deploy.0 = Debug|Pocket PC 2003 (ARMV4)
		{2A5AA1D0-372E-4FD4-BEAB-436A5E512BE2}.Debug|Smartphone 2003 (ARMV4).ActiveCfg = Debug|Smartphone 2003 (ARMV4)
		{2A5AA1D0-372E-4FD4-BEAB-436A5E512BE2}.Debug|Smartphone 2003 (ARMV4).Build.0 = Debug|Smartphone 2003 (ARMV4)
		{2A5AA1D0-372E-4FD4-BEAB-436A5E512BE2}.Debug|Smartphone 2003 (ARMV4).Deploy.0 = Debug|Smartphone 2003 (ARMV4)
		{2A5AA1D0-372E-4FD4-BEAB-436A5E512BE2}.Debug|Windows Mobile 5.0 Pocket PC SDK (ARMV4I).ActiveCfg = Debug|Smartphone 2003 (ARMV4)
		{2A5AA1D0-372E-4FD4-BEAB-436A5E512BE2}.Release|Pocket PC 2003 (ARMV4).ActiveCfg = Release|Pocket PC 2003 (ARMV4)
		{2A5AA1D0-372E-4FD4-BEAB-436A5E512BE2}.Release|Pocket PC 2003 (ARMV4).Build.0 = Release|Pocket PC 2003 (ARMV4)
		{2A5AA1D0-372E-4FD4-BEAB-436A5E512BE2}.Release|Pocket PC 2003 (ARMV4).Deploy.0 = Release|Pocket PC 2003 (ARMV4)
		{2A5AA1D0-372E-4FD4-BEAB-436A5E512BE2}.Release|Smartphone 2003 (ARMV4).ActiveCfg = Release|Smartphone 2003 (ARMV4)
		{2A5AA1D0-372E-4FD4-BEAB-436A5E512BE2}.Release|Smartphone 2003 (ARMV4).Build.0 = Release|Smartphone 2003 (ARMV4)
		{2A5AA1D0-372E-4FD4-BEAB-436A5E512BE2}.Release|Smartphone 2003 (ARMV4).Deploy.0 = Release|Smartphone 2003 (ARMV4)
		{2A5AA1D0-372E-4FD4-BEAB-436A5E512BE2}.Release|Windows Mobile 5.0 Pocket PC SDK (ARMV4I).ActiveCfg = Release|Smartphone 2003 (ARMV4)
	EndGlobalSection
	GlobalSection(SolutionProperties) = preSolution
		HideSolutionNode = FALSE
	EndGlobalSection
EndGlobal
