
Microsoft Visual Studio Solution File, Format Version 12.00
# Visual Studio Version 16
VisualStudioVersion = 16.0.32510.428
MinimumVisualStudioVersion = 10.0.40219.1
Project("{8BC9CEB8-8B4A-11D0-8D11-00A0C91BC942}") = "Test", "Test\Test.vcxproj", "{22CAFAB2-FFF8-4B77-B633-9E3705EFFF1F}"
	ProjectSection(ProjectDependencies) = postProject
		{8AAF12B9-A34C-4B3A-A6F8-7ECA5D946265} = {8AAF12B9-A34C-4B3A-A6F8-7ECA5D946265}
	EndProjectSection
EndProject
Project("{8BC9CEB8-8B4A-11D0-8D11-00A0C91BC942}") = "DuiLib", "..\DuiLib\DuiLib\DuiLib.vcxproj", "{8AAF12B9-A34C-4B3A-A6F8-7ECA5D946265}"
EndProject
Global
	GlobalSection(SolutionConfigurationPlatforms) = preSolution
		Debug|ARM = Debug|ARM
		Debug|ARM64 = Debug|ARM64
		Debug|x64 = Debug|x64
		Debug|x86 = Debug|x86
		Release|ARM = Release|ARM
		Release|ARM64 = Release|ARM64
		Release|x64 = Release|x64
		Release|x86 = Release|x86
		xsDebug|ARM = xsDebug|ARM
		xsDebug|ARM64 = xsDebug|ARM64
		xsDebug|x64 = xsDebug|x64
		xsDebug|x86 = xsDebug|x86
		xsRelease|ARM = xsRelease|ARM
		xsRelease|ARM64 = xsRelease|ARM64
		xsRelease|x64 = xsRelease|x64
		xsRelease|x86 = xsRelease|x86
	EndGlobalSection
	GlobalSection(ProjectConfigurationPlatforms) = postSolution
		{22CAFAB2-FFF8-4B77-B633-9E3705EFFF1F}.Debug|ARM.ActiveCfg = Debug|ARM
		{22CAFAB2-FFF8-4B77-B633-9E3705EFFF1F}.Debug|ARM.Build.0 = Debug|ARM
		{22CAFAB2-FFF8-4B77-B633-9E3705EFFF1F}.Debug|ARM.Deploy.0 = Debug|ARM
		{22CAFAB2-FFF8-4B77-B633-9E3705EFFF1F}.Debug|ARM64.ActiveCfg = Debug|ARM64
		{22CAFAB2-FFF8-4B77-B633-9E3705EFFF1F}.Debug|ARM64.Build.0 = Debug|ARM64
		{22CAFAB2-FFF8-4B77-B633-9E3705EFFF1F}.Debug|ARM64.Deploy.0 = Debug|ARM64
		{22CAFAB2-FFF8-4B77-B633-9E3705EFFF1F}.Debug|x64.ActiveCfg = Debug|x64
		{22CAFAB2-FFF8-4B77-B633-9E3705EFFF1F}.Debug|x64.Build.0 = Debug|x64
		{22CAFAB2-FFF8-4B77-B633-9E3705EFFF1F}.Debug|x64.Deploy.0 = Debug|x64
		{22CAFAB2-FFF8-4B77-B633-9E3705EFFF1F}.Debug|x86.ActiveCfg = Debug|x86
		{22CAFAB2-FFF8-4B77-B633-9E3705EFFF1F}.Debug|x86.Build.0 = Debug|x86
		{22CAFAB2-FFF8-4B77-B633-9E3705EFFF1F}.Debug|x86.Deploy.0 = Debug|x86
		{22CAFAB2-FFF8-4B77-B633-9E3705EFFF1F}.Release|ARM.ActiveCfg = Release|ARM
		{22CAFAB2-FFF8-4B77-B633-9E3705EFFF1F}.Release|ARM.Build.0 = Release|ARM
		{22CAFAB2-FFF8-4B77-B633-9E3705EFFF1F}.Release|ARM.Deploy.0 = Release|ARM
		{22CAFAB2-FFF8-4B77-B633-9E3705EFFF1F}.Release|ARM64.ActiveCfg = Release|ARM64
		{22CAFAB2-FFF8-4B77-B633-9E3705EFFF1F}.Release|ARM64.Build.0 = Release|ARM64
		{22CAFAB2-FFF8-4B77-B633-9E3705EFFF1F}.Release|ARM64.Deploy.0 = Release|ARM64
		{22CAFAB2-FFF8-4B77-B633-9E3705EFFF1F}.Release|x64.ActiveCfg = Release|x64
		{22CAFAB2-FFF8-4B77-B633-9E3705EFFF1F}.Release|x64.Build.0 = Release|x64
		{22CAFAB2-FFF8-4B77-B633-9E3705EFFF1F}.Release|x64.Deploy.0 = Release|x64
		{22CAFAB2-FFF8-4B77-B633-9E3705EFFF1F}.Release|x86.ActiveCfg = Release|x86
		{22CAFAB2-FFF8-4B77-B633-9E3705EFFF1F}.Release|x86.Build.0 = Release|x86
		{22CAFAB2-FFF8-4B77-B633-9E3705EFFF1F}.Release|x86.Deploy.0 = Release|x86
		{22CAFAB2-FFF8-4B77-B633-9E3705EFFF1F}.xsDebug|ARM.ActiveCfg = xsDebug|ARM
		{22CAFAB2-FFF8-4B77-B633-9E3705EFFF1F}.xsDebug|ARM.Build.0 = xsDebug|ARM
		{22CAFAB2-FFF8-4B77-B633-9E3705EFFF1F}.xsDebug|ARM.Deploy.0 = xsDebug|ARM
		{22CAFAB2-FFF8-4B77-B633-9E3705EFFF1F}.xsDebug|ARM64.ActiveCfg = xsDebug|ARM64
		{22CAFAB2-FFF8-4B77-B633-9E3705EFFF1F}.xsDebug|ARM64.Build.0 = xsDebug|ARM64
		{22CAFAB2-FFF8-4B77-B633-9E3705EFFF1F}.xsDebug|ARM64.Deploy.0 = xsDebug|ARM64
		{22CAFAB2-FFF8-4B77-B633-9E3705EFFF1F}.xsDebug|x64.ActiveCfg = xsDebug|x64
		{22CAFAB2-FFF8-4B77-B633-9E3705EFFF1F}.xsDebug|x64.Build.0 = xsDebug|x64
		{22CAFAB2-FFF8-4B77-B633-9E3705EFFF1F}.xsDebug|x64.Deploy.0 = xsDebug|x64
		{22CAFAB2-FFF8-4B77-B633-9E3705EFFF1F}.xsDebug|x86.ActiveCfg = xsDebug|x86
		{22CAFAB2-FFF8-4B77-B633-9E3705EFFF1F}.xsDebug|x86.Build.0 = xsDebug|x86
		{22CAFAB2-FFF8-4B77-B633-9E3705EFFF1F}.xsDebug|x86.Deploy.0 = xsDebug|x86
		{22CAFAB2-FFF8-4B77-B633-9E3705EFFF1F}.xsRelease|ARM.ActiveCfg = xsRelease|ARM
		{22CAFAB2-FFF8-4B77-B633-9E3705EFFF1F}.xsRelease|ARM.Build.0 = xsRelease|ARM
		{22CAFAB2-FFF8-4B77-B633-9E3705EFFF1F}.xsRelease|ARM.Deploy.0 = xsRelease|ARM
		{22CAFAB2-FFF8-4B77-B633-9E3705EFFF1F}.xsRelease|ARM64.ActiveCfg = xsRelease|ARM64
		{22CAFAB2-FFF8-4B77-B633-9E3705EFFF1F}.xsRelease|ARM64.Build.0 = xsRelease|ARM64
		{22CAFAB2-FFF8-4B77-B633-9E3705EFFF1F}.xsRelease|ARM64.Deploy.0 = xsRelease|ARM64
		{22CAFAB2-FFF8-4B77-B633-9E3705EFFF1F}.xsRelease|x64.ActiveCfg = xsRelease|x64
		{22CAFAB2-FFF8-4B77-B633-9E3705EFFF1F}.xsRelease|x64.Build.0 = xsRelease|x64
		{22CAFAB2-FFF8-4B77-B633-9E3705EFFF1F}.xsRelease|x64.Deploy.0 = xsRelease|x64
		{22CAFAB2-FFF8-4B77-B633-9E3705EFFF1F}.xsRelease|x86.ActiveCfg = xsRelease|x86
		{22CAFAB2-FFF8-4B77-B633-9E3705EFFF1F}.xsRelease|x86.Build.0 = xsRelease|x86
		{22CAFAB2-FFF8-4B77-B633-9E3705EFFF1F}.xsRelease|x86.Deploy.0 = xsRelease|x86
		{8AAF12B9-A34C-4B3A-A6F8-7ECA5D946265}.Debug|ARM.ActiveCfg = Debug|ARM
		{8AAF12B9-A34C-4B3A-A6F8-7ECA5D946265}.Debug|ARM.Build.0 = Debug|ARM
		{8AAF12B9-A34C-4B3A-A6F8-7ECA5D946265}.Debug|ARM.Deploy.0 = Debug|ARM
		{8AAF12B9-A34C-4B3A-A6F8-7ECA5D946265}.Debug|ARM64.ActiveCfg = Debug|ARM64
		{8AAF12B9-A34C-4B3A-A6F8-7ECA5D946265}.Debug|ARM64.Build.0 = Debug|ARM64
		{8AAF12B9-A34C-4B3A-A6F8-7ECA5D946265}.Debug|ARM64.Deploy.0 = Debug|ARM64
		{8AAF12B9-A34C-4B3A-A6F8-7ECA5D946265}.Debug|x64.ActiveCfg = Debug|x64
		{8AAF12B9-A34C-4B3A-A6F8-7ECA5D946265}.Debug|x64.Build.0 = Debug|x64
		{8AAF12B9-A34C-4B3A-A6F8-7ECA5D946265}.Debug|x64.Deploy.0 = Debug|x64
		{8AAF12B9-A34C-4B3A-A6F8-7ECA5D946265}.Debug|x86.ActiveCfg = Debug|x86
		{8AAF12B9-A34C-4B3A-A6F8-7ECA5D946265}.Debug|x86.Build.0 = Debug|x86
		{8AAF12B9-A34C-4B3A-A6F8-7ECA5D946265}.Debug|x86.Deploy.0 = Debug|x86
		{8AAF12B9-A34C-4B3A-A6F8-7ECA5D946265}.Release|ARM.ActiveCfg = Release|ARM
		{8AAF12B9-A34C-4B3A-A6F8-7ECA5D946265}.Release|ARM.Build.0 = Release|ARM
		{8AAF12B9-A34C-4B3A-A6F8-7ECA5D946265}.Release|ARM.Deploy.0 = Release|ARM
		{8AAF12B9-A34C-4B3A-A6F8-7ECA5D946265}.Release|ARM64.ActiveCfg = Release|ARM64
		{8AAF12B9-A34C-4B3A-A6F8-7ECA5D946265}.Release|ARM64.Build.0 = Release|ARM64
		{8AAF12B9-A34C-4B3A-A6F8-7ECA5D946265}.Release|ARM64.Deploy.0 = Release|ARM64
		{8AAF12B9-A34C-4B3A-A6F8-7ECA5D946265}.Release|x64.ActiveCfg = Release|x64
		{8AAF12B9-A34C-4B3A-A6F8-7ECA5D946265}.Release|x64.Build.0 = Release|x64
		{8AAF12B9-A34C-4B3A-A6F8-7ECA5D946265}.Release|x64.Deploy.0 = Release|x64
		{8AAF12B9-A34C-4B3A-A6F8-7ECA5D946265}.Release|x86.ActiveCfg = Release|x86
		{8AAF12B9-A34C-4B3A-A6F8-7ECA5D946265}.Release|x86.Build.0 = Release|x86
		{8AAF12B9-A34C-4B3A-A6F8-7ECA5D946265}.Release|x86.Deploy.0 = Release|x86
		{8AAF12B9-A34C-4B3A-A6F8-7ECA5D946265}.xsDebug|ARM.ActiveCfg = xsDebug|ARM
		{8AAF12B9-A34C-4B3A-A6F8-7ECA5D946265}.xsDebug|ARM.Build.0 = xsDebug|ARM
		{8AAF12B9-A34C-4B3A-A6F8-7ECA5D946265}.xsDebug|ARM.Deploy.0 = xsDebug|ARM
		{8AAF12B9-A34C-4B3A-A6F8-7ECA5D946265}.xsDebug|ARM64.ActiveCfg = xsDebug|ARM64
		{8AAF12B9-A34C-4B3A-A6F8-7ECA5D946265}.xsDebug|ARM64.Build.0 = xsDebug|ARM64
		{8AAF12B9-A34C-4B3A-A6F8-7ECA5D946265}.xsDebug|ARM64.Deploy.0 = xsDebug|ARM64
		{8AAF12B9-A34C-4B3A-A6F8-7ECA5D946265}.xsDebug|x64.ActiveCfg = xsDebug|x64
		{8AAF12B9-A34C-4B3A-A6F8-7ECA5D946265}.xsDebug|x64.Build.0 = xsDebug|x64
		{8AAF12B9-A34C-4B3A-A6F8-7ECA5D946265}.xsDebug|x64.Deploy.0 = xsDebug|x64
		{8AAF12B9-A34C-4B3A-A6F8-7ECA5D946265}.xsDebug|x86.ActiveCfg = xsDebug|x86
		{8AAF12B9-A34C-4B3A-A6F8-7ECA5D946265}.xsDebug|x86.Build.0 = xsDebug|x86
		{8AAF12B9-A34C-4B3A-A6F8-7ECA5D946265}.xsDebug|x86.Deploy.0 = xsDebug|x86
		{8AAF12B9-A34C-4B3A-A6F8-7ECA5D946265}.xsRelease|ARM.ActiveCfg = xsRelease|ARM
		{8AAF12B9-A34C-4B3A-A6F8-7ECA5D946265}.xsRelease|ARM.Build.0 = xsRelease|ARM
		{8AAF12B9-A34C-4B3A-A6F8-7ECA5D946265}.xsRelease|ARM.Deploy.0 = xsRelease|ARM
		{8AAF12B9-A34C-4B3A-A6F8-7ECA5D946265}.xsRelease|ARM64.ActiveCfg = xsRelease|ARM64
		{8AAF12B9-A34C-4B3A-A6F8-7ECA5D946265}.xsRelease|ARM64.Build.0 = xsRelease|ARM64
		{8AAF12B9-A34C-4B3A-A6F8-7ECA5D946265}.xsRelease|ARM64.Deploy.0 = xsRelease|ARM64
		{8AAF12B9-A34C-4B3A-A6F8-7ECA5D946265}.xsRelease|x64.ActiveCfg = xsRelease|x64
		{8AAF12B9-A34C-4B3A-A6F8-7ECA5D946265}.xsRelease|x64.Build.0 = xsRelease|x64
		{8AAF12B9-A34C-4B3A-A6F8-7ECA5D946265}.xsRelease|x64.Deploy.0 = xsRelease|x64
		{8AAF12B9-A34C-4B3A-A6F8-7ECA5D946265}.xsRelease|x86.ActiveCfg = xsRelease|x86
		{8AAF12B9-A34C-4B3A-A6F8-7ECA5D946265}.xsRelease|x86.Build.0 = xsRelease|x86
		{8AAF12B9-A34C-4B3A-A6F8-7ECA5D946265}.xsRelease|x86.Deploy.0 = xsRelease|x86
	EndGlobalSection
	GlobalSection(SolutionProperties) = preSolution
		HideSolutionNode = FALSE
	EndGlobalSection
	GlobalSection(ExtensibilityGlobals) = postSolution
		SolutionGuid = {7CBFA984-8812-407B-A3A9-CC908B15F5B5}
	EndGlobalSection
EndGlobal
