
Microsoft Visual Studio Solution File, Format Version 11.00
# Visual Studio 2010
Project("{8BC9CEB8-8B4A-11D0-8D11-00A0C91BC942}") = "tutorial", "tutorial\tutorial.vcxproj", "{C3EA50E0-1257-468F-AA07-E91A0A7C2011}"
EndProject
Global
	GlobalSection(SolutionConfigurationPlatforms) = preSolution
		Debug|Win32 = Debug|Win32
		Release|Win32 = Release|Win32
		UnicodeDebug|Win32 = UnicodeDebug|Win32
		UnicodeRelease|Win32 = UnicodeRelease|Win32
		xsDebug|Win32 = xsDebug|Win32
		xsRelease|Win32 = xsRelease|Win32
		xsUnicodeDebug|Win32 = xsUnicodeDebug|Win32
		xsUnicodeRelease|Win32 = xsUnicodeRelease|Win32
	EndGlobalSection
	GlobalSection(ProjectConfigurationPlatforms) = postSolution
		{C3EA50E0-1257-468F-AA07-E91A0A7C2011}.Debug|Win32.ActiveCfg = Debug|Win32
		{C3EA50E0-1257-468F-AA07-E91A0A7C2011}.Debug|Win32.Build.0 = Debug|Win32
		{C3EA50E0-1257-468F-AA07-E91A0A7C2011}.Release|Win32.ActiveCfg = Release|Win32
		{C3EA50E0-1257-468F-AA07-E91A0A7C2011}.Release|Win32.Build.0 = Release|Win32
		{C3EA50E0-1257-468F-AA07-E91A0A7C2011}.UnicodeDebug|Win32.ActiveCfg = UnicodeDebug|Win32
		{C3EA50E0-1257-468F-AA07-E91A0A7C2011}.UnicodeDebug|Win32.Build.0 = UnicodeDebug|Win32
		{C3EA50E0-1257-468F-AA07-E91A0A7C2011}.UnicodeRelease|Win32.ActiveCfg = Release|Win32
		{C3EA50E0-1257-468F-AA07-E91A0A7C2011}.UnicodeRelease|Win32.Build.0 = Release|Win32
		{C3EA50E0-1257-468F-AA07-E91A0A7C2011}.xsDebug|Win32.ActiveCfg = xsDebug|Win32
		{C3EA50E0-1257-468F-AA07-E91A0A7C2011}.xsDebug|Win32.Build.0 = xsDebug|Win32
		{C3EA50E0-1257-468F-AA07-E91A0A7C2011}.xsRelease|Win32.ActiveCfg = xsRelease|Win32
		{C3EA50E0-1257-468F-AA07-E91A0A7C2011}.xsRelease|Win32.Build.0 = xsRelease|Win32
		{C3EA50E0-1257-468F-AA07-E91A0A7C2011}.xsUnicodeDebug|Win32.ActiveCfg = xsUnicodeDebug|Win32
		{C3EA50E0-1257-468F-AA07-E91A0A7C2011}.xsUnicodeDebug|Win32.Build.0 = xsUnicodeDebug|Win32
		{C3EA50E0-1257-468F-AA07-E91A0A7C2011}.xsUnicodeRelease|Win32.ActiveCfg = xsUnicodeRelease|Win32
		{C3EA50E0-1257-468F-AA07-E91A0A7C2011}.xsUnicodeRelease|Win32.Build.0 = xsUnicodeRelease|Win32
	EndGlobalSection
	GlobalSection(SolutionProperties) = preSolution
		HideSolutionNode = FALSE
	EndGlobalSection
EndGlobal
